// !$*UTF8*$!
{
	archiveVersion = 1;
	classes = {
	};
	objectVersion = 46;
	objects = {

/* Begin PBXBuildFile section */
		27E12499193047520081A218 /* Foundation.framework in Frameworks */ = {isa = PBXBuildFile; fileRef = 27E12498193047520081A218 /* Foundation.framework */; };
		27E1249B193047520081A218 /* CoreGraphics.framework in Frameworks */ = {isa = PBXBuildFile; fileRef = 27E1249A193047520081A218 /* CoreGraphics.framework */; };
		27E1249D193047520081A218 /* UIKit.framework in Frameworks */ = {isa = PBXBuildFile; fileRef = 27E1249C193047520081A218 /* UIKit.framework */; };
		27E124A3193047520081A218 /* InfoPlist.strings in Resources */ = {isa = PBXBuildFile; fileRef = 27E124A1193047520081A218 /* InfoPlist.strings */; };
		27E124A5193047520081A218 /* main.m in Sources */ = {isa = PBXBuildFile; fileRef = 27E124A4193047520081A218 /* main.m */; };
		27E124A9193047520081A218 /* MMAppDelegate.m in Sources */ = {isa = PBXBuildFile; fileRef = 27E124A8193047520081A218 /* MMAppDelegate.m */; };
		27E124AC193047520081A218 /* Main.storyboard in Resources */ = {isa = PBXBuildFile; fileRef = 27E124AA193047520081A218 /* Main.storyboard */; };
		27E124AF193047520081A218 /* MMFirstViewController.m in Sources */ = {isa = PBXBuildFile; fileRef = 27E124AE193047520081A218 /* MMFirstViewController.m */; };
		27E124B2193047520081A218 /* MMSecondViewController.m in Sources */ = {isa = PBXBuildFile; fileRef = 27E124B1193047520081A218 /* MMSecondViewController.m */; };
		27E124B4193047520081A218 /* Images.xcassets in Resources */ = {isa = PBXBuildFile; fileRef = 27E124B3193047520081A218 /* Images.xcassets */; };
		27E124BB193047520081A218 /* XCTest.framework in Frameworks */ = {isa = PBXBuildFile; fileRef = 27E124BA193047520081A218 /* XCTest.framework */; };
		27E124BC193047520081A218 /* Foundation.framework in Frameworks */ = {isa = PBXBuildFile; fileRef = 27E12498193047520081A218 /* Foundation.framework */; };
		27E124BD193047520081A218 /* UIKit.framework in Frameworks */ = {isa = PBXBuildFile; fileRef = 27E1249C193047520081A218 /* UIKit.framework */; };
		27E124C5193047520081A218 /* InfoPlist.strings in Resources */ = {isa = PBXBuildFile; fileRef = 27E124C3193047520081A218 /* InfoPlist.strings */; };
		27E124C7193047520081A218 /* Movie_MemoryTests.m in Sources */ = {isa = PBXBuildFile; fileRef = 27E124C6193047520081A218 /* Movie_MemoryTests.m */; };
/* End PBXBuildFile section */

/* Begin PBXContainerItemProxy section */
		27E124BE193047520081A218 /* PBXContainerItemProxy */ = {
			isa = PBXContainerItemProxy;
			containerPortal = 27E1248D193047520081A218 /* Project object */;
			proxyType = 1;
			remoteGlobalIDString = 27E12494193047520081A218;
			remoteInfo = "Movie-Memory";
		};
/* End PBXContainerItemProxy section */

/* Begin PBXFileReference section */
		27E12495193047520081A218 /* Movie-Memory.app */ = {isa = PBXFileReference; explicitFileType = wrapper.application; includeInIndex = 0; path = "Movie-Memory.app"; sourceTree = BUILT_PRODUCTS_DIR; };
		27E12498193047520081A218 /* Foundation.framework */ = {isa = PBXFileReference; lastKnownFileType = wrapper.framework; name = Foundation.framework; path = System/Library/Frameworks/Foundation.framework; sourceTree = SDKROOT; };
		27E1249A193047520081A218 /* CoreGraphics.framework */ = {isa = PBXFileReference; lastKnownFileType = wrapper.framework; name = CoreGraphics.framework; path = System/Library/Frameworks/CoreGraphics.framework; sourceTree = SDKROOT; };
		27E1249C193047520081A218 /* UIKit.framework */ = {isa = PBXFileReference; lastKnownFileType = wrapper.framework; name = UIKit.framework; path = System/Library/Frameworks/UIKit.framework; sourceTree = SDKROOT; };
		27E124A0193047520081A218 /* Movie-Memory-Info.plist */ = {isa = PBXFileReference; lastKnownFileType = text.plist.xml; path = "Movie-Memory-Info.plist"; sourceTree = "<group>"; };
		27E124A2193047520081A218 /* en */ = {isa = PBXFileReference; lastKnownFileType = text.plist.strings; name = en; path = en.lproj/InfoPlist.strings; sourceTree = "<group>"; };
		27E124A4193047520081A218 /* main.m */ = {isa = PBXFileReference; lastKnownFileType = sourcecode.c.objc; path = main.m; sourceTree = "<group>"; };
		27E124A6193047520081A218 /* Movie-Memory-Prefix.pch */ = {isa = PBXFileReference; lastKnownFileType = sourcecode.c.h; path = "Movie-Memory-Prefix.pch"; sourceTree = "<group>"; };
		27E124A7193047520081A218 /* MMAppDelegate.h */ = {isa = PBXFileReference; lastKnownFileType = sourcecode.c.h; path = MMAppDelegate.h; sourceTree = "<group>"; };
		27E124A8193047520081A218 /* MMAppDelegate.m */ = {isa = PBXFileReference; lastKnownFileType = sourcecode.c.objc; path = MMAppDelegate.m; sourceTree = "<group>"; };
		27E124AB193047520081A218 /* Base */ = {isa = PBXFileReference; lastKnownFileType = file.storyboard; name = Base; path = Base.lproj/Main.storyboard; sourceTree = "<group>"; };
		27E124AD193047520081A218 /* MMFirstViewController.h */ = {isa = PBXFileReference; lastKnownFileType = sourcecode.c.h; path = MMFirstViewController.h; sourceTree = "<group>"; };
		27E124AE193047520081A218 /* MMFirstViewController.m */ = {isa = PBXFileReference; lastKnownFileType = sourcecode.c.objc; path = MMFirstViewController.m; sourceTree = "<group>"; };
		27E124B0193047520081A218 /* MMSecondViewController.h */ = {isa = PBXFileReference; lastKnownFileType = sourcecode.c.h; path = MMSecondViewController.h; sourceTree = "<group>"; };
		27E124B1193047520081A218 /* MMSecondViewController.m */ = {isa = PBXFileReference; lastKnownFileType = sourcecode.c.objc; path = MMSecondViewController.m; sourceTree = "<group>"; };
		27E124B3193047520081A218 /* Images.xcassets */ = {isa = PBXFileReference; lastKnownFileType = folder.assetcatalog; path = Images.xcassets; sourceTree = "<group>"; };
		27E124B9193047520081A218 /* Movie-MemoryTests.xctest */ = {isa = PBXFileReference; explicitFileType = wrapper.cfbundle; includeInIndex = 0; path = "Movie-MemoryTests.xctest"; sourceTree = BUILT_PRODUCTS_DIR; };
		27E124BA193047520081A218 /* XCTest.framework */ = {isa = PBXFileReference; lastKnownFileType = wrapper.framework; name = XCTest.framework; path = Library/Frameworks/XCTest.framework; sourceTree = DEVELOPER_DIR; };
		27E124C2193047520081A218 /* Movie-MemoryTests-Info.plist */ = {isa = PBXFileReference; lastKnownFileType = text.plist.xml; path = "Movie-MemoryTests-Info.plist"; sourceTree = "<group>"; };
		27E124C4193047520081A218 /* en */ = {isa = PBXFileReference; lastKnownFileType = text.plist.strings; name = en; path = en.lproj/InfoPlist.strings; sourceTree = "<group>"; };
		27E124C6193047520081A218 /* Movie_MemoryTests.m */ = {isa = PBXFileReference; lastKnownFileType = sourcecode.c.objc; path = Movie_MemoryTests.m; sourceTree = "<group>"; };
/* End PBXFileReference section */

/* Begin PBXFrameworksBuildPhase section */
		27E12492193047520081A218 /* Frameworks */ = {
			isa = PBXFrameworksBuildPhase;
			buildActionMask = 2147483647;
			files = (
				27E1249B193047520081A218 /* CoreGraphics.framework in Frameworks */,
				27E1249D193047520081A218 /* UIKit.framework in Frameworks */,
				27E12499193047520081A218 /* Foundation.framework in Frameworks */,
			);
			runOnlyForDeploymentPostprocessing = 0;
		};
		27E124B6193047520081A218 /* Frameworks */ = {
			isa = PBXFrameworksBuildPhase;
			buildActionMask = 2147483647;
			files = (
				27E124BB193047520081A218 /* XCTest.framework in Frameworks */,
				27E124BD193047520081A218 /* UIKit.framework in Frameworks */,
				27E124BC193047520081A218 /* Foundation.framework in Frameworks */,
			);
			runOnlyForDeploymentPostprocessing = 0;
		};
/* End PBXFrameworksBuildPhase section */

/* Begin PBXGroup section */
		27E1248C193047520081A218 = {
			isa = PBXGroup;
			children = (
				27E1249E193047520081A218 /* Movie-Memory */,
				27E124C0193047520081A218 /* Movie-MemoryTests */,
				27E12497193047520081A218 /* Frameworks */,
				27E12496193047520081A218 /* Products */,
			);
			sourceTree = "<group>";
		};
		27E12496193047520081A218 /* Products */ = {
			isa = PBXGroup;
			children = (
				27E12495193047520081A218 /* Movie-Memory.app */,
				27E124B9193047520081A218 /* Movie-MemoryTests.xctest */,
			);
			name = Products;
			sourceTree = "<group>";
		};
		27E12497193047520081A218 /* Frameworks */ = {
			isa = PBXGroup;
			children = (
				27E12498193047520081A218 /* Foundation.framework */,
				27E1249A193047520081A218 /* CoreGraphics.framework */,
				27E1249C193047520081A218 /* UIKit.framework */,
				27E124BA193047520081A218 /* XCTest.framework */,
			);
			name = Frameworks;
			sourceTree = "<group>";
		};
		27E1249E193047520081A218 /* Movie-Memory */ = {
			isa = PBXGroup;
			children = (
				27E124A7193047520081A218 /* MMAppDelegate.h */,
				27E124A8193047520081A218 /* MMAppDelegate.m */,
				27E124AA193047520081A218 /* Main.storyboard */,
				27E124AD193047520081A218 /* MMFirstViewController.h */,
				27E124AE193047520081A218 /* MMFirstViewController.m */,
				27E124B0193047520081A218 /* MMSecondViewController.h */,
				27E124B1193047520081A218 /* MMSecondViewController.m */,
				27E124B3193047520081A218 /* Images.xcassets */,
				27E1249F193047520081A218 /* Supporting Files */,
			);
			path = "Movie-Memory";
			sourceTree = "<group>";
		};
		27E1249F193047520081A218 /* Supporting Files */ = {
			isa = PBXGroup;
			children = (
				27E124A0193047520081A218 /* Movie-Memory-Info.plist */,
				27E124A1193047520081A218 /* InfoPlist.strings */,
				27E124A4193047520081A218 /* main.m */,
				27E124A6193047520081A218 /* Movie-Memory-Prefix.pch */,
			);
			name = "Supporting Files";
			sourceTree = "<group>";
		};
		27E124C0193047520081A218 /* Movie-MemoryTests */ = {
			isa = PBXGroup;
			children = (
				27E124C6193047520081A218 /* Movie_MemoryTests.m */,
				27E124C1193047520081A218 /* Supporting Files */,
			);
			path = "Movie-MemoryTests";
			sourceTree = "<group>";
		};
		27E124C1193047520081A218 /* Supporting Files */ = {
			isa = PBXGroup;
			children = (
				27E124C2193047520081A218 /* Movie-MemoryTests-Info.plist */,
				27E124C3193047520081A218 /* InfoPlist.strings */,
			);
			name = "Supporting Files";
			sourceTree = "<group>";
		};
/* End PBXGroup section */

/* Begin PBXNativeTarget section */
		27E12494193047520081A218 /* Movie-Memory */ = {
			isa = PBXNativeTarget;
			buildConfigurationList = 27E124CA193047520081A218 /* Build configuration list for PBXNativeTarget "Movie-Memory" */;
			buildPhases = (
				27E12491193047520081A218 /* Sources */,
				27E12492193047520081A218 /* Frameworks */,
				27E12493193047520081A218 /* Resources */,
			);
			buildRules = (
			);
			dependencies = (
			);
			name = "Movie-Memory";
			productName = "Movie-Memory";
			productReference = 27E12495193047520081A218 /* Movie-Memory.app */;
			productType = "com.apple.product-type.application";
		};
		27E124B8193047520081A218 /* Movie-MemoryTests */ = {
			isa = PBXNativeTarget;
			buildConfigurationList = 27E124CD193047520081A218 /* Build configuration list for PBXNativeTarget "Movie-MemoryTests" */;
			buildPhases = (
				27E124B5193047520081A218 /* Sources */,
				27E124B6193047520081A218 /* Frameworks */,
				27E124B7193047520081A218 /* Resources */,
			);
			buildRules = (
			);
			dependencies = (
				27E124BF193047520081A218 /* PBXTargetDependency */,
			);
			name = "Movie-MemoryTests";
			productName = "Movie-MemoryTests";
			productReference = 27E124B9193047520081A218 /* Movie-MemoryTests.xctest */;
			productType = "com.apple.product-type.bundle.unit-test";
		};
/* End PBXNativeTarget section */

/* Begin PBXProject section */
		27E1248D193047520081A218 /* Project object */ = {
			isa = PBXProject;
			attributes = {
				CLASSPREFIX = MM;
				LastUpgradeCheck = 0510;
				ORGANIZATIONNAME = "Kyle Frost";
				TargetAttributes = {
					27E124B8193047520081A218 = {
						TestTargetID = 27E12494193047520081A218;
					};
				};
			};
			buildConfigurationList = 27E12490193047520081A218 /* Build configuration list for PBXProject "Movie-Memory" */;
			compatibilityVersion = "Xcode 3.2";
			developmentRegion = English;
			hasScannedForEncodings = 0;
			knownRegions = (
				en,
				Base,
			);
			mainGroup = 27E1248C193047520081A218;
			productRefGroup = 27E12496193047520081A218 /* Products */;
			projectDirPath = "";
			projectRoot = "";
			targets = (
				27E12494193047520081A218 /* Movie-Memory */,
				27E124B8193047520081A218 /* Movie-MemoryTests */,
			);
		};
/* End PBXProject section */

/* Begin PBXResourcesBuildPhase section */
		27E12493193047520081A218 /* Resources */ = {
			isa = PBXResourcesBuildPhase;
			buildActionMask = 2147483647;
			files = (
				27E124B4193047520081A218 /* Images.xcassets in Resources */,
				27E124A3193047520081A218 /* InfoPlist.strings in Resources */,
				27E124AC193047520081A218 /* Main.storyboard in Resources */,
			);
			runOnlyForDeploymentPostprocessing = 0;
		};
		27E124B7193047520081A218 /* Resources */ = {
			isa = PBXResourcesBuildPhase;
			buildActionMask = 2147483647;
			files = (
				27E124C5193047520081A218 /* InfoPlist.strings in Resources */,
			);
			runOnlyForDeploymentPostprocessing = 0;
		};
/* End PBXResourcesBuildPhase section */

/* Begin PBXSourcesBuildPhase section */
		27E12491193047520081A218 /* Sources */ = {
			isa = PBXSourcesBuildPhase;
			buildActionMask = 2147483647;
			files = (
				27E124B2193047520081A218 /* MMSecondViewController.m in Sources */,
				27E124A9193047520081A218 /* MMAppDelegate.m in Sources */,
				27E124A5193047520081A218 /* main.m in Sources */,
				27E124AF193047520081A218 /* MMFirstViewController.m in Sources */,
			);
			runOnlyForDeploymentPostprocessing = 0;
		};
		27E124B5193047520081A218 /* Sources */ = {
			isa = PBXSourcesBuildPhase;
			buildActionMask = 2147483647;
			files = (
				27E124C7193047520081A218 /* Movie_MemoryTests.m in Sources */,
			);
			runOnlyForDeploymentPostprocessing = 0;
		};
/* End PBXSourcesBuildPhase section */

/* Begin PBXTargetDependency section */
		27E124BF193047520081A218 /* PBXTargetDependency */ = {
			isa = PBXTargetDependency;
			target = 27E12494193047520081A218 /* Movie-Memory */;
			targetProxy = 27E124BE193047520081A218 /* PBXContainerItemProxy */;
		};
/* End PBXTargetDependency section */

/* Begin PBXVariantGroup section */
		27E124A1193047520081A218 /* InfoPlist.strings */ = {
			isa = PBXVariantGroup;
			children = (
				27E124A2193047520081A218 /* en */,
			);
			name = InfoPlist.strings;
			sourceTree = "<group>";
		};
		27E124AA193047520081A218 /* Main.storyboard */ = {
			isa = PBXVariantGroup;
			children = (
				27E124AB193047520081A218 /* Base */,
			);
			name = Main.storyboard;
			sourceTree = "<group>";
		};
		27E124C3193047520081A218 /* InfoPlist.strings */ = {
			isa = PBXVariantGroup;
			children = (
				27E124C4193047520081A218 /* en */,
			);
			name = InfoPlist.strings;
			sourceTree = "<group>";
		};
/* End PBXVariantGroup section */

/* Begin XCBuildConfiguration section */
		27E124C8193047520081A218 /* Debug */ = {
			isa = XCBuildConfiguration;
			buildSettings = {
				ALWAYS_SEARCH_USER_PATHS = NO;
				CLANG_CXX_LANGUAGE_STANDARD = "gnu++0x";
				CLANG_CXX_LIBRARY = "libc++";
				CLANG_ENABLE_MODULES = YES;
				CLANG_ENABLE_OBJC_ARC = YES;
				CLANG_WARN_BOOL_CONVERSION = YES;
				CLANG_WARN_CONSTANT_CONVERSION = YES;
				CLANG_WARN_DIRECT_OBJC_ISA_USAGE = YES_ERROR;
				CLANG_WARN_EMPTY_BODY = YES;
				CLANG_WARN_ENUM_CONVERSION = YES;
				CLANG_WARN_INT_CONVERSION = YES;
				CLANG_WARN_OBJC_ROOT_CLASS = YES_ERROR;
				CLANG_WARN__DUPLICATE_METHOD_MATCH = YES;
				"CODE_SIGN_IDENTITY[sdk=iphoneos*]" = "iPhone Developer";
				COPY_PHASE_STRIP = NO;
				GCC_C_LANGUAGE_STANDARD = gnu99;
				GCC_DYNAMIC_NO_PIC = NO;
				GCC_OPTIMIZATION_LEVEL = 0;
				GCC_PREPROCESSOR_DEFINITIONS = (
					"DEBUG=1",
					"$(inherited)",
				);
				GCC_SYMBOLS_PRIVATE_EXTERN = NO;
				GCC_WARN_64_TO_32_BIT_CONVERSION = YES;
				GCC_WARN_ABOUT_RETURN_TYPE = YES_ERROR;
				GCC_WARN_UNDECLARED_SELECTOR = YES;
				GCC_WARN_UNINITIALIZED_AUTOS = YES_AGGRESSIVE;
				GCC_WARN_UNUSED_FUNCTION = YES;
				GCC_WARN_UNUSED_VARIABLE = YES;
				IPHONEOS_DEPLOYMENT_TARGET = 7.1;
				ONLY_ACTIVE_ARCH = YES;
				SDKROOT = iphoneos;
			};
			name = Debug;
		};
		27E124C9193047520081A218 /* Release */ = {
			isa = XCBuildConfiguration;
			buildSettings = {
				ALWAYS_SEARCH_USER_PATHS = NO;
				CLANG_CXX_LANGUAGE_STANDARD = "gnu++0x";
				CLANG_CXX_LIBRARY = "libc++";
				CLANG_ENABLE_MODULES = YES;
				CLANG_ENABLE_OBJC_ARC = YES;
				CLANG_WARN_BOOL_CONVERSION = YES;
				CLANG_WARN_CONSTANT_CONVERSION = YES;
				CLANG_WARN_DIRECT_OBJC_ISA_USAGE = YES_ERROR;
				CLANG_WARN_EMPTY_BODY = YES;
				CLANG_WARN_ENUM_CONVERSION = YES;
				CLANG_WARN_INT_CONVERSION = YES;
				CLANG_WARN_OBJC_ROOT_CLASS = YES_ERROR;
				CLANG_WARN__DUPLICATE_METHOD_MATCH = YES;
				"CODE_SIGN_IDENTITY[sdk=iphoneos*]" = "iPhone Developer";
				COPY_PHASE_STRIP = YES;
				ENABLE_NS_ASSERTIONS = NO;
				GCC_C_LANGUAGE_STANDARD = gnu99;
				GCC_WARN_64_TO_32_BIT_CONVERSION = YES;
				GCC_WARN_ABOUT_RETURN_TYPE = YES_ERROR;
				GCC_WARN_UNDECLARED_SELECTOR = YES;
				GCC_WARN_UNINITIALIZED_AUTOS = YES_AGGRESSIVE;
				GCC_WARN_UNUSED_FUNCTION = YES;
				GCC_WARN_UNUSED_VARIABLE = YES;
				IPHONEOS_DEPLOYMENT_TARGET = 7.1;
				SDKROOT = iphoneos;
				VALIDATE_PRODUCT = YES;
			};
			name = Release;
		};
		27E124CB193047520081A218 /* Debug */ = {
			isa = XCBuildConfiguration;
			buildSettings = {
				ASSETCATALOG_COMPILER_APPICON_NAME = AppIcon;
				ASSETCATALOG_COMPILER_LAUNCHIMAGE_NAME = LaunchImage;
				GCC_PRECOMPILE_PREFIX_HEADER = YES;
				GCC_PREFIX_HEADER = "Movie-Memory/Movie-Memory-Prefix.pch";
				INFOPLIST_FILE = "Movie-Memory/Movie-Memory-Info.plist";
				PRODUCT_NAME = "$(TARGET_NAME)";
				WRAPPER_EXTENSION = app;
			};
			name = Debug;
		};
		27E124CC193047520081A218 /* Release */ = {
			isa = XCBuildConfiguration;
			buildSettings = {
				ASSETCATALOG_COMPILER_APPICON_NAME = AppIcon;
				ASSETCATALOG_COMPILER_LAUNCHIMAGE_NAME = LaunchImage;
				GCC_PRECOMPILE_PREFIX_HEADER = YES;
				GCC_PREFIX_HEADER = "Movie-Memory/Movie-Memory-Prefix.pch";
				INFOPLIST_FILE = "Movie-Memory/Movie-Memory-Info.plist";
				PRODUCT_NAME = "$(TARGET_NAME)";
				WRAPPER_EXTENSION = app;
			};
			name = Release;
		};
		27E124CE193047520081A218 /* Debug */ = {
			isa = XCBuildConfiguration;
			buildSettings = {
				BUNDLE_LOADER = "$(BUILT_PRODUCTS_DIR)/Movie-Memory.app/Movie-Memory";
				FRAMEWORK_SEARCH_PATHS = (
					"$(SDKROOT)/Developer/Library/Frameworks",
					"$(inherited)",
					"$(DEVELOPER_FRAMEWORKS_DIR)",
				);
				GCC_PRECOMPILE_PREFIX_HEADER = YES;
				GCC_PREFIX_HEADER = "Movie-Memory/Movie-Memory-Prefix.pch";
				GCC_PREPROCESSOR_DEFINITIONS = (
					"DEBUG=1",
					"$(inherited)",
				);
				INFOPLIST_FILE = "Movie-MemoryTests/Movie-MemoryTests-Info.plist";
				PRODUCT_NAME = "$(TARGET_NAME)";
				TEST_HOST = "$(BUNDLE_LOADER)";
				WRAPPER_EXTENSION = xctest;
			};
			name = Debug;
		};
		27E124CF193047520081A218 /* Release */ = {
			isa = XCBuildConfiguration;
			buildSettings = {
				BUNDLE_LOADER = "$(BUILT_PRODUCTS_DIR)/Movie-Memory.app/Movie-Memory";
				FRAMEWORK_SEARCH_PATHS = (
					"$(SDKROOT)/Developer/Library/Frameworks",
					"$(inherited)",
					"$(DEVELOPER_FRAMEWORKS_DIR)",
				);
				GCC_PRECOMPILE_PREFIX_HEADER = YES;
				GCC_PREFIX_HEADER = "Movie-Memory/Movie-Memory-Prefix.pch";
				INFOPLIST_FILE = "Movie-MemoryTests/Movie-MemoryTests-Info.plist";
				PRODUCT_NAME = "$(TARGET_NAME)";
				TEST_HOST = "$(BUNDLE_LOADER)";
				WRAPPER_EXTENSION = xctest;
			};
			name = Release;
		};
/* End XCBuildConfiguration section */

/* Begin XCConfigurationList section */
		27E12490193047520081A218 /* Build configuration list for PBXProject "Movie-Memory" */ = {
			isa = XCConfigurationList;
			buildConfigurations = (
				27E124C8193047520081A218 /* Debug */,
				27E124C9193047520081A218 /* Release */,
			);
			defaultConfigurationIsVisible = 0;
			defaultConfigurationName = Release;
		};
		27E124CA193047520081A218 /* Build configuration list for PBXNativeTarget "Movie-Memory" */ = {
			isa = XCConfigurationList;
			buildConfigurations = (
				27E124CB193047520081A218 /* Debug */,
				27E124CC193047520081A218 /* Release */,
			);
			defaultConfigurationIsVisible = 0;
		};
		27E124CD193047520081A218 /* Build configuration list for PBXNativeTarget "Movie-MemoryTests" */ = {
			isa = XCConfigurationList;
			buildConfigurations = (
				27E124CE193047520081A218 /* Debug */,
				27E124CF193047520081A218 /* Release */,
			);
			defaultConfigurationIsVisible = 0;
		};
/* End XCConfigurationList section */
	};
	rootObject = 27E1248D193047520081A218 /* Project object */;
}
